
Microsoft Visual Studio Solution File, Format Version 12.00
# Visual Studio 11
Project("{FAE04EC0-301F-11D3-BF4B-00C04F79EFBC}") = "Page173", "Page173\Page173.csproj", "{B6EBBB25-032B-4BA1-83CF-6CFC202D2E11}"
EndProject
Global
	GlobalSection(SolutionConfigurationPlatforms) = preSolution
		Debug|Any CPU = Debug|Any CPU
		Release|Any CPU = Release|Any CPU
	EndGlobalSection
	GlobalSection(ProjectConfigurationPlatforms) = postSolution
		{B6EBBB25-032B-4BA1-83CF-6CFC202D2E11}.Debug|Any CPU.ActiveCfg = Debug|Any CPU
		{B6EBBB25-032B-4BA1-83CF-6CFC202D2E11}.Debug|Any CPU.Build.0 = Debug|Any CPU
		{B6EBBB25-032B-4BA1-83CF-6CFC202D2E11}.Release|Any CPU.ActiveCfg = Release|Any CPU
		{B6EBBB25-032B-4BA1-83CF-6CFC202D2E11}.Release|Any CPU.Build.0 = Release|Any CPU
	EndGlobalSection
	GlobalSection(SolutionProperties) = preSolution
		HideSolutionNode = FALSE
	EndGlobalSection
EndGlobal
