
Microsoft Visual Studio Solution File, Format Version 12.00
# Visual Studio 11
Project("{FAE04EC0-301F-11D3-BF4B-00C04F79EFBC}") = "Page221", "Page221\Page221.csproj", "{14D03EFC-1310-4B00-8634-F77D3643939F}"
EndProject
Global
	GlobalSection(SolutionConfigurationPlatforms) = preSolution
		Debug|Any CPU = Debug|Any CPU
		Release|Any CPU = Release|Any CPU
	EndGlobalSection
	GlobalSection(ProjectConfigurationPlatforms) = postSolution
		{14D03EFC-1310-4B00-8634-F77D3643939F}.Debug|Any CPU.ActiveCfg = Debug|Any CPU
		{14D03EFC-1310-4B00-8634-F77D3643939F}.Debug|Any CPU.Build.0 = Debug|Any CPU
		{14D03EFC-1310-4B00-8634-F77D3643939F}.Release|Any CPU.ActiveCfg = Release|Any CPU
		{14D03EFC-1310-4B00-8634-F77D3643939F}.Release|Any CPU.Build.0 = Release|Any CPU
	EndGlobalSection
	GlobalSection(SolutionProperties) = preSolution
		HideSolutionNode = FALSE
	EndGlobalSection
EndGlobal
