
Microsoft Visual Studio Solution File, Format Version 12.00
# Visual Studio 11
Project("{FAE04EC0-301F-11D3-BF4B-00C04F79EFBC}") = "Page365", "Page365\Page365.csproj", "{30D1106F-2276-440A-8BBB-83E47212E040}"
EndProject
Global
	GlobalSection(SolutionConfigurationPlatforms) = preSolution
		Debug|Any CPU = Debug|Any CPU
		Release|Any CPU = Release|Any CPU
	EndGlobalSection
	GlobalSection(ProjectConfigurationPlatforms) = postSolution
		{30D1106F-2276-440A-8BBB-83E47212E040}.Debug|Any CPU.ActiveCfg = Debug|Any CPU
		{30D1106F-2276-440A-8BBB-83E47212E040}.Debug|Any CPU.Build.0 = Debug|Any CPU
		{30D1106F-2276-440A-8BBB-83E47212E040}.Release|Any CPU.ActiveCfg = Release|Any CPU
		{30D1106F-2276-440A-8BBB-83E47212E040}.Release|Any CPU.Build.0 = Release|Any CPU
	EndGlobalSection
	GlobalSection(SolutionProperties) = preSolution
		HideSolutionNode = FALSE
	EndGlobalSection
EndGlobal
