
Microsoft Visual Studio Solution File, Format Version 12.00
# Visual Studio 11
Project("{FAE04EC0-301F-11D3-BF4B-00C04F79EFBC}") = "Page150", "Page150\Page150.csproj", "{F043A80C-7095-4C86-8CED-DAB8344A8093}"
EndProject
Global
	GlobalSection(SolutionConfigurationPlatforms) = preSolution
		Debug|Any CPU = Debug|Any CPU
		Release|Any CPU = Release|Any CPU
	EndGlobalSection
	GlobalSection(ProjectConfigurationPlatforms) = postSolution
		{F043A80C-7095-4C86-8CED-DAB8344A8093}.Debug|Any CPU.ActiveCfg = Debug|Any CPU
		{F043A80C-7095-4C86-8CED-DAB8344A8093}.Debug|Any CPU.Build.0 = Debug|Any CPU
		{F043A80C-7095-4C86-8CED-DAB8344A8093}.Release|Any CPU.ActiveCfg = Release|Any CPU
		{F043A80C-7095-4C86-8CED-DAB8344A8093}.Release|Any CPU.Build.0 = Release|Any CPU
	EndGlobalSection
	GlobalSection(SolutionProperties) = preSolution
		HideSolutionNode = FALSE
	EndGlobalSection
EndGlobal
