
Microsoft Visual Studio Solution File, Format Version 12.00
# Visual Studio 11
Project("{FAE04EC0-301F-11D3-BF4B-00C04F79EFBC}") = "Page366", "Page366\Page366.csproj", "{724C1033-D042-4C57-9606-16580A653BB5}"
EndProject
Global
	GlobalSection(SolutionConfigurationPlatforms) = preSolution
		Debug|Any CPU = Debug|Any CPU
		Release|Any CPU = Release|Any CPU
	EndGlobalSection
	GlobalSection(ProjectConfigurationPlatforms) = postSolution
		{724C1033-D042-4C57-9606-16580A653BB5}.Debug|Any CPU.ActiveCfg = Debug|Any CPU
		{724C1033-D042-4C57-9606-16580A653BB5}.Debug|Any CPU.Build.0 = Debug|Any CPU
		{724C1033-D042-4C57-9606-16580A653BB5}.Release|Any CPU.ActiveCfg = Release|Any CPU
		{724C1033-D042-4C57-9606-16580A653BB5}.Release|Any CPU.Build.0 = Release|Any CPU
	EndGlobalSection
	GlobalSection(SolutionProperties) = preSolution
		HideSolutionNode = FALSE
	EndGlobalSection
EndGlobal
