
Microsoft Visual Studio Solution File, Format Version 12.00
# Visual Studio 11
Project("{FAE04EC0-301F-11D3-BF4B-00C04F79EFBC}") = "Page157", "Page157\Page157.csproj", "{1C8F8FAC-183F-4655-A1A0-91B82204F86E}"
EndProject
Global
	GlobalSection(SolutionConfigurationPlatforms) = preSolution
		Debug|Any CPU = Debug|Any CPU
		Release|Any CPU = Release|Any CPU
	EndGlobalSection
	GlobalSection(ProjectConfigurationPlatforms) = postSolution
		{1C8F8FAC-183F-4655-A1A0-91B82204F86E}.Debug|Any CPU.ActiveCfg = Debug|Any CPU
		{1C8F8FAC-183F-4655-A1A0-91B82204F86E}.Debug|Any CPU.Build.0 = Debug|Any CPU
		{1C8F8FAC-183F-4655-A1A0-91B82204F86E}.Release|Any CPU.ActiveCfg = Release|Any CPU
		{1C8F8FAC-183F-4655-A1A0-91B82204F86E}.Release|Any CPU.Build.0 = Release|Any CPU
	EndGlobalSection
	GlobalSection(SolutionProperties) = preSolution
		HideSolutionNode = FALSE
	EndGlobalSection
EndGlobal
