
Microsoft Visual Studio Solution File, Format Version 12.00
# Visual Studio 11
Project("{FAE04EC0-301F-11D3-BF4B-00C04F79EFBC}") = "Page118", "Page118\Page118.csproj", "{A9C6C64A-D876-4809-B209-D182832076E4}"
EndProject
Global
	GlobalSection(SolutionConfigurationPlatforms) = preSolution
		Debug|Any CPU = Debug|Any CPU
		Release|Any CPU = Release|Any CPU
	EndGlobalSection
	GlobalSection(ProjectConfigurationPlatforms) = postSolution
		{A9C6C64A-D876-4809-B209-D182832076E4}.Debug|Any CPU.ActiveCfg = Debug|Any CPU
		{A9C6C64A-D876-4809-B209-D182832076E4}.Debug|Any CPU.Build.0 = Debug|Any CPU
		{A9C6C64A-D876-4809-B209-D182832076E4}.Release|Any CPU.ActiveCfg = Release|Any CPU
		{A9C6C64A-D876-4809-B209-D182832076E4}.Release|Any CPU.Build.0 = Release|Any CPU
	EndGlobalSection
	GlobalSection(SolutionProperties) = preSolution
		HideSolutionNode = FALSE
	EndGlobalSection
EndGlobal
