
Microsoft Visual Studio Solution File, Format Version 12.00
# Visual Studio 11
Project("{FAE04EC0-301F-11D3-BF4B-00C04F79EFBC}") = "Page395", "Page395\Page395.csproj", "{C23E35CE-9E10-42E8-B9ED-C3FA3C0CDD22}"
EndProject
Global
	GlobalSection(SolutionConfigurationPlatforms) = preSolution
		Debug|Any CPU = Debug|Any CPU
		Release|Any CPU = Release|Any CPU
	EndGlobalSection
	GlobalSection(ProjectConfigurationPlatforms) = postSolution
		{C23E35CE-9E10-42E8-B9ED-C3FA3C0CDD22}.Debug|Any CPU.ActiveCfg = Debug|Any CPU
		{C23E35CE-9E10-42E8-B9ED-C3FA3C0CDD22}.Debug|Any CPU.Build.0 = Debug|Any CPU
		{C23E35CE-9E10-42E8-B9ED-C3FA3C0CDD22}.Release|Any CPU.ActiveCfg = Release|Any CPU
		{C23E35CE-9E10-42E8-B9ED-C3FA3C0CDD22}.Release|Any CPU.Build.0 = Release|Any CPU
	EndGlobalSection
	GlobalSection(SolutionProperties) = preSolution
		HideSolutionNode = FALSE
	EndGlobalSection
EndGlobal
