
Microsoft Visual Studio Solution File, Format Version 12.00
# Visual Studio 11
Project("{FAE04EC0-301F-11D3-BF4B-00C04F79EFBC}") = "Page337", "Page337\Page337.csproj", "{9CFE5197-67A9-49DB-A8B3-0A7CD5467BBC}"
EndProject
Global
	GlobalSection(SolutionConfigurationPlatforms) = preSolution
		Debug|Any CPU = Debug|Any CPU
		Release|Any CPU = Release|Any CPU
	EndGlobalSection
	GlobalSection(ProjectConfigurationPlatforms) = postSolution
		{9CFE5197-67A9-49DB-A8B3-0A7CD5467BBC}.Debug|Any CPU.ActiveCfg = Debug|Any CPU
		{9CFE5197-67A9-49DB-A8B3-0A7CD5467BBC}.Debug|Any CPU.Build.0 = Debug|Any CPU
		{9CFE5197-67A9-49DB-A8B3-0A7CD5467BBC}.Release|Any CPU.ActiveCfg = Release|Any CPU
		{9CFE5197-67A9-49DB-A8B3-0A7CD5467BBC}.Release|Any CPU.Build.0 = Release|Any CPU
	EndGlobalSection
	GlobalSection(SolutionProperties) = preSolution
		HideSolutionNode = FALSE
	EndGlobalSection
EndGlobal
