
Microsoft Visual Studio Solution File, Format Version 12.00
# Visual Studio 11
Project("{FAE04EC0-301F-11D3-BF4B-00C04F79EFBC}") = "Page501", "Page501\Page501.csproj", "{0B57645B-455E-40A5-8061-A90AFDFA6156}"
EndProject
Global
	GlobalSection(SolutionConfigurationPlatforms) = preSolution
		Debug|Any CPU = Debug|Any CPU
		Release|Any CPU = Release|Any CPU
	EndGlobalSection
	GlobalSection(ProjectConfigurationPlatforms) = postSolution
		{0B57645B-455E-40A5-8061-A90AFDFA6156}.Debug|Any CPU.ActiveCfg = Debug|Any CPU
		{0B57645B-455E-40A5-8061-A90AFDFA6156}.Debug|Any CPU.Build.0 = Debug|Any CPU
		{0B57645B-455E-40A5-8061-A90AFDFA6156}.Release|Any CPU.ActiveCfg = Release|Any CPU
		{0B57645B-455E-40A5-8061-A90AFDFA6156}.Release|Any CPU.Build.0 = Release|Any CPU
	EndGlobalSection
	GlobalSection(SolutionProperties) = preSolution
		HideSolutionNode = FALSE
	EndGlobalSection
EndGlobal
