
Microsoft Visual Studio Solution File, Format Version 12.00
# Visual Studio 11
Project("{FAE04EC0-301F-11D3-BF4B-00C04F79EFBC}") = "Page169", "Page169\Page169.csproj", "{CFC29F8D-B692-4104-94EE-82539C959BB4}"
EndProject
Global
	GlobalSection(SolutionConfigurationPlatforms) = preSolution
		Debug|Any CPU = Debug|Any CPU
		Release|Any CPU = Release|Any CPU
	EndGlobalSection
	GlobalSection(ProjectConfigurationPlatforms) = postSolution
		{CFC29F8D-B692-4104-94EE-82539C959BB4}.Debug|Any CPU.ActiveCfg = Debug|Any CPU
		{CFC29F8D-B692-4104-94EE-82539C959BB4}.Debug|Any CPU.Build.0 = Debug|Any CPU
		{CFC29F8D-B692-4104-94EE-82539C959BB4}.Release|Any CPU.ActiveCfg = Release|Any CPU
		{CFC29F8D-B692-4104-94EE-82539C959BB4}.Release|Any CPU.Build.0 = Release|Any CPU
	EndGlobalSection
	GlobalSection(SolutionProperties) = preSolution
		HideSolutionNode = FALSE
	EndGlobalSection
EndGlobal
