
Microsoft Visual Studio Solution File, Format Version 12.00
# Visual Studio 11
Project("{FAE04EC0-301F-11D3-BF4B-00C04F79EFBC}") = "Page325", "Page325\Page325.csproj", "{950E3E3E-4E9E-4F68-8790-D63C69C6D3FD}"
EndProject
Global
	GlobalSection(SolutionConfigurationPlatforms) = preSolution
		Debug|Any CPU = Debug|Any CPU
		Release|Any CPU = Release|Any CPU
	EndGlobalSection
	GlobalSection(ProjectConfigurationPlatforms) = postSolution
		{950E3E3E-4E9E-4F68-8790-D63C69C6D3FD}.Debug|Any CPU.ActiveCfg = Debug|Any CPU
		{950E3E3E-4E9E-4F68-8790-D63C69C6D3FD}.Debug|Any CPU.Build.0 = Debug|Any CPU
		{950E3E3E-4E9E-4F68-8790-D63C69C6D3FD}.Release|Any CPU.ActiveCfg = Release|Any CPU
		{950E3E3E-4E9E-4F68-8790-D63C69C6D3FD}.Release|Any CPU.Build.0 = Release|Any CPU
	EndGlobalSection
	GlobalSection(SolutionProperties) = preSolution
		HideSolutionNode = FALSE
	EndGlobalSection
EndGlobal
