
Microsoft Visual Studio Solution File, Format Version 12.00
# Visual Studio 11
Project("{FAE04EC0-301F-11D3-BF4B-00C04F79EFBC}") = "Page377", "Page377\Page377.csproj", "{6B3968F0-8E52-43A7-9718-C80C4C7E578E}"
EndProject
Global
	GlobalSection(SolutionConfigurationPlatforms) = preSolution
		Debug|Any CPU = Debug|Any CPU
		Release|Any CPU = Release|Any CPU
	EndGlobalSection
	GlobalSection(ProjectConfigurationPlatforms) = postSolution
		{6B3968F0-8E52-43A7-9718-C80C4C7E578E}.Debug|Any CPU.ActiveCfg = Debug|Any CPU
		{6B3968F0-8E52-43A7-9718-C80C4C7E578E}.Debug|Any CPU.Build.0 = Debug|Any CPU
		{6B3968F0-8E52-43A7-9718-C80C4C7E578E}.Release|Any CPU.ActiveCfg = Release|Any CPU
		{6B3968F0-8E52-43A7-9718-C80C4C7E578E}.Release|Any CPU.Build.0 = Release|Any CPU
	EndGlobalSection
	GlobalSection(SolutionProperties) = preSolution
		HideSolutionNode = FALSE
	EndGlobalSection
EndGlobal
