
Microsoft Visual Studio Solution File, Format Version 12.00
# Visual Studio 11
Project("{FAE04EC0-301F-11D3-BF4B-00C04F79EFBC}") = "Page486", "Page486\Page486.csproj", "{130E798E-19A4-459A-98F0-861E24D7996F}"
EndProject
Global
	GlobalSection(SolutionConfigurationPlatforms) = preSolution
		Debug|Any CPU = Debug|Any CPU
		Release|Any CPU = Release|Any CPU
	EndGlobalSection
	GlobalSection(ProjectConfigurationPlatforms) = postSolution
		{130E798E-19A4-459A-98F0-861E24D7996F}.Debug|Any CPU.ActiveCfg = Debug|Any CPU
		{130E798E-19A4-459A-98F0-861E24D7996F}.Debug|Any CPU.Build.0 = Debug|Any CPU
		{130E798E-19A4-459A-98F0-861E24D7996F}.Release|Any CPU.ActiveCfg = Release|Any CPU
		{130E798E-19A4-459A-98F0-861E24D7996F}.Release|Any CPU.Build.0 = Release|Any CPU
	EndGlobalSection
	GlobalSection(SolutionProperties) = preSolution
		HideSolutionNode = FALSE
	EndGlobalSection
EndGlobal
