
Microsoft Visual Studio Solution File, Format Version 12.00
# Visual Studio 11
Project("{FAE04EC0-301F-11D3-BF4B-00C04F79EFBC}") = "Page540", "Page540\Page540.csproj", "{AC10F408-EC0E-45A7-9E32-F45C65995552}"
EndProject
Global
	GlobalSection(SolutionConfigurationPlatforms) = preSolution
		Debug|Any CPU = Debug|Any CPU
		Release|Any CPU = Release|Any CPU
	EndGlobalSection
	GlobalSection(ProjectConfigurationPlatforms) = postSolution
		{AC10F408-EC0E-45A7-9E32-F45C65995552}.Debug|Any CPU.ActiveCfg = Debug|Any CPU
		{AC10F408-EC0E-45A7-9E32-F45C65995552}.Debug|Any CPU.Build.0 = Debug|Any CPU
		{AC10F408-EC0E-45A7-9E32-F45C65995552}.Release|Any CPU.ActiveCfg = Release|Any CPU
		{AC10F408-EC0E-45A7-9E32-F45C65995552}.Release|Any CPU.Build.0 = Release|Any CPU
	EndGlobalSection
	GlobalSection(SolutionProperties) = preSolution
		HideSolutionNode = FALSE
	EndGlobalSection
EndGlobal
