
Microsoft Visual Studio Solution File, Format Version 12.00
# Visual Studio 11
Project("{FAE04EC0-301F-11D3-BF4B-00C04F79EFBC}") = "Page492", "Page492\Page492.csproj", "{464D770C-6516-435E-9512-F4A64B897BB0}"
EndProject
Global
	GlobalSection(SolutionConfigurationPlatforms) = preSolution
		Debug|Any CPU = Debug|Any CPU
		Release|Any CPU = Release|Any CPU
	EndGlobalSection
	GlobalSection(ProjectConfigurationPlatforms) = postSolution
		{464D770C-6516-435E-9512-F4A64B897BB0}.Debug|Any CPU.ActiveCfg = Debug|Any CPU
		{464D770C-6516-435E-9512-F4A64B897BB0}.Debug|Any CPU.Build.0 = Debug|Any CPU
		{464D770C-6516-435E-9512-F4A64B897BB0}.Release|Any CPU.ActiveCfg = Release|Any CPU
		{464D770C-6516-435E-9512-F4A64B897BB0}.Release|Any CPU.Build.0 = Release|Any CPU
	EndGlobalSection
	GlobalSection(SolutionProperties) = preSolution
		HideSolutionNode = FALSE
	EndGlobalSection
EndGlobal
