
Microsoft Visual Studio Solution File, Format Version 12.00
# Visual Studio 11
Project("{FAE04EC0-301F-11D3-BF4B-00C04F79EFBC}") = "Page291", "Page291\Page291.csproj", "{94F2AD0C-6EE0-4880-A206-D2E3E362437C}"
EndProject
Global
	GlobalSection(SolutionConfigurationPlatforms) = preSolution
		Debug|Any CPU = Debug|Any CPU
		Release|Any CPU = Release|Any CPU
	EndGlobalSection
	GlobalSection(ProjectConfigurationPlatforms) = postSolution
		{94F2AD0C-6EE0-4880-A206-D2E3E362437C}.Debug|Any CPU.ActiveCfg = Debug|Any CPU
		{94F2AD0C-6EE0-4880-A206-D2E3E362437C}.Debug|Any CPU.Build.0 = Debug|Any CPU
		{94F2AD0C-6EE0-4880-A206-D2E3E362437C}.Release|Any CPU.ActiveCfg = Release|Any CPU
		{94F2AD0C-6EE0-4880-A206-D2E3E362437C}.Release|Any CPU.Build.0 = Release|Any CPU
	EndGlobalSection
	GlobalSection(SolutionProperties) = preSolution
		HideSolutionNode = FALSE
	EndGlobalSection
EndGlobal
