
Microsoft Visual Studio Solution File, Format Version 12.00
# Visual Studio 11
Project("{FAE04EC0-301F-11D3-BF4B-00C04F79EFBC}") = "Page442", "Page442\Page442.csproj", "{0FD20CDB-8260-4743-8858-88EA9D9D2E1E}"
EndProject
Global
	GlobalSection(SolutionConfigurationPlatforms) = preSolution
		Debug|Any CPU = Debug|Any CPU
		Release|Any CPU = Release|Any CPU
	EndGlobalSection
	GlobalSection(ProjectConfigurationPlatforms) = postSolution
		{0FD20CDB-8260-4743-8858-88EA9D9D2E1E}.Debug|Any CPU.ActiveCfg = Debug|Any CPU
		{0FD20CDB-8260-4743-8858-88EA9D9D2E1E}.Debug|Any CPU.Build.0 = Debug|Any CPU
		{0FD20CDB-8260-4743-8858-88EA9D9D2E1E}.Release|Any CPU.ActiveCfg = Release|Any CPU
		{0FD20CDB-8260-4743-8858-88EA9D9D2E1E}.Release|Any CPU.Build.0 = Release|Any CPU
	EndGlobalSection
	GlobalSection(SolutionProperties) = preSolution
		HideSolutionNode = FALSE
	EndGlobalSection
EndGlobal
