
Microsoft Visual Studio Solution File, Format Version 12.00
# Visual Studio 11
Project("{FAE04EC0-301F-11D3-BF4B-00C04F79EFBC}") = "Page666", "Page666\Page666.csproj", "{E4EAA9D5-37D2-4E27-90E0-8FD0E2F0B935}"
EndProject
Global
	GlobalSection(SolutionConfigurationPlatforms) = preSolution
		Debug|Any CPU = Debug|Any CPU
		Release|Any CPU = Release|Any CPU
	EndGlobalSection
	GlobalSection(ProjectConfigurationPlatforms) = postSolution
		{E4EAA9D5-37D2-4E27-90E0-8FD0E2F0B935}.Debug|Any CPU.ActiveCfg = Debug|Any CPU
		{E4EAA9D5-37D2-4E27-90E0-8FD0E2F0B935}.Debug|Any CPU.Build.0 = Debug|Any CPU
		{E4EAA9D5-37D2-4E27-90E0-8FD0E2F0B935}.Release|Any CPU.ActiveCfg = Release|Any CPU
		{E4EAA9D5-37D2-4E27-90E0-8FD0E2F0B935}.Release|Any CPU.Build.0 = Release|Any CPU
	EndGlobalSection
	GlobalSection(SolutionProperties) = preSolution
		HideSolutionNode = FALSE
	EndGlobalSection
EndGlobal
