
Microsoft Visual Studio Solution File, Format Version 12.00
# Visual Studio 11
Project("{FAE04EC0-301F-11D3-BF4B-00C04F79EFBC}") = "Page644", "Page644\Page644.csproj", "{A27A0A71-D595-4162-BCCD-077CFB301522}"
EndProject
Global
	GlobalSection(SolutionConfigurationPlatforms) = preSolution
		Debug|Any CPU = Debug|Any CPU
		Release|Any CPU = Release|Any CPU
	EndGlobalSection
	GlobalSection(ProjectConfigurationPlatforms) = postSolution
		{A27A0A71-D595-4162-BCCD-077CFB301522}.Debug|Any CPU.ActiveCfg = Debug|Any CPU
		{A27A0A71-D595-4162-BCCD-077CFB301522}.Debug|Any CPU.Build.0 = Debug|Any CPU
		{A27A0A71-D595-4162-BCCD-077CFB301522}.Release|Any CPU.ActiveCfg = Release|Any CPU
		{A27A0A71-D595-4162-BCCD-077CFB301522}.Release|Any CPU.Build.0 = Release|Any CPU
	EndGlobalSection
	GlobalSection(SolutionProperties) = preSolution
		HideSolutionNode = FALSE
	EndGlobalSection
EndGlobal
