
Microsoft Visual Studio Solution File, Format Version 12.00
# Visual Studio 11
Project("{FAE04EC0-301F-11D3-BF4B-00C04F79EFBC}") = "Page519", "Page519\Page519.csproj", "{47253528-017E-4E2C-A455-1FC86017B07B}"
EndProject
Global
	GlobalSection(SolutionConfigurationPlatforms) = preSolution
		Debug|Any CPU = Debug|Any CPU
		Release|Any CPU = Release|Any CPU
	EndGlobalSection
	GlobalSection(ProjectConfigurationPlatforms) = postSolution
		{47253528-017E-4E2C-A455-1FC86017B07B}.Debug|Any CPU.ActiveCfg = Debug|Any CPU
		{47253528-017E-4E2C-A455-1FC86017B07B}.Debug|Any CPU.Build.0 = Debug|Any CPU
		{47253528-017E-4E2C-A455-1FC86017B07B}.Release|Any CPU.ActiveCfg = Release|Any CPU
		{47253528-017E-4E2C-A455-1FC86017B07B}.Release|Any CPU.Build.0 = Release|Any CPU
	EndGlobalSection
	GlobalSection(SolutionProperties) = preSolution
		HideSolutionNode = FALSE
	EndGlobalSection
EndGlobal
