
Microsoft Visual Studio Solution File, Format Version 12.00
# Visual Studio 11
Project("{FAE04EC0-301F-11D3-BF4B-00C04F79EFBC}") = "Page497", "Page497\Page497.csproj", "{FF3096C7-7A50-4761-B096-D5B96709CE45}"
EndProject
Global
	GlobalSection(SolutionConfigurationPlatforms) = preSolution
		Debug|Any CPU = Debug|Any CPU
		Release|Any CPU = Release|Any CPU
	EndGlobalSection
	GlobalSection(ProjectConfigurationPlatforms) = postSolution
		{FF3096C7-7A50-4761-B096-D5B96709CE45}.Debug|Any CPU.ActiveCfg = Debug|Any CPU
		{FF3096C7-7A50-4761-B096-D5B96709CE45}.Debug|Any CPU.Build.0 = Debug|Any CPU
		{FF3096C7-7A50-4761-B096-D5B96709CE45}.Release|Any CPU.ActiveCfg = Release|Any CPU
		{FF3096C7-7A50-4761-B096-D5B96709CE45}.Release|Any CPU.Build.0 = Release|Any CPU
	EndGlobalSection
	GlobalSection(SolutionProperties) = preSolution
		HideSolutionNode = FALSE
	EndGlobalSection
EndGlobal
