
Microsoft Visual Studio Solution File, Format Version 12.00
# Visual Studio 11
Project("{FAE04EC0-301F-11D3-BF4B-00C04F79EFBC}") = "Page693", "Page693\Page693.csproj", "{CC1ACB88-B66F-414F-9AC9-6A05BEB9934E}"
EndProject
Global
	GlobalSection(SolutionConfigurationPlatforms) = preSolution
		Debug|Any CPU = Debug|Any CPU
		Release|Any CPU = Release|Any CPU
	EndGlobalSection
	GlobalSection(ProjectConfigurationPlatforms) = postSolution
		{CC1ACB88-B66F-414F-9AC9-6A05BEB9934E}.Debug|Any CPU.ActiveCfg = Debug|Any CPU
		{CC1ACB88-B66F-414F-9AC9-6A05BEB9934E}.Debug|Any CPU.Build.0 = Debug|Any CPU
		{CC1ACB88-B66F-414F-9AC9-6A05BEB9934E}.Release|Any CPU.ActiveCfg = Release|Any CPU
		{CC1ACB88-B66F-414F-9AC9-6A05BEB9934E}.Release|Any CPU.Build.0 = Release|Any CPU
	EndGlobalSection
	GlobalSection(SolutionProperties) = preSolution
		HideSolutionNode = FALSE
	EndGlobalSection
EndGlobal
