
Microsoft Visual Studio Solution File, Format Version 12.00
# Visual Studio 11
Project("{FAE04EC0-301F-11D3-BF4B-00C04F79EFBC}") = "Page529", "Page529\Page529.csproj", "{B57DC7D1-BF3C-47C8-95FB-9BA256BEE014}"
EndProject
Global
	GlobalSection(SolutionConfigurationPlatforms) = preSolution
		Debug|Any CPU = Debug|Any CPU
		Release|Any CPU = Release|Any CPU
	EndGlobalSection
	GlobalSection(ProjectConfigurationPlatforms) = postSolution
		{B57DC7D1-BF3C-47C8-95FB-9BA256BEE014}.Debug|Any CPU.ActiveCfg = Debug|Any CPU
		{B57DC7D1-BF3C-47C8-95FB-9BA256BEE014}.Debug|Any CPU.Build.0 = Debug|Any CPU
		{B57DC7D1-BF3C-47C8-95FB-9BA256BEE014}.Release|Any CPU.ActiveCfg = Release|Any CPU
		{B57DC7D1-BF3C-47C8-95FB-9BA256BEE014}.Release|Any CPU.Build.0 = Release|Any CPU
	EndGlobalSection
	GlobalSection(SolutionProperties) = preSolution
		HideSolutionNode = FALSE
	EndGlobalSection
EndGlobal
