
Microsoft Visual Studio Solution File, Format Version 12.00
# Visual Studio 11
Project("{FAE04EC0-301F-11D3-BF4B-00C04F79EFBC}") = "Page308", "Page308\Page308.csproj", "{6F33C9E2-74F1-4F53-9EE1-3C89260119EE}"
EndProject
Global
	GlobalSection(SolutionConfigurationPlatforms) = preSolution
		Debug|Any CPU = Debug|Any CPU
		Release|Any CPU = Release|Any CPU
	EndGlobalSection
	GlobalSection(ProjectConfigurationPlatforms) = postSolution
		{6F33C9E2-74F1-4F53-9EE1-3C89260119EE}.Debug|Any CPU.ActiveCfg = Debug|Any CPU
		{6F33C9E2-74F1-4F53-9EE1-3C89260119EE}.Debug|Any CPU.Build.0 = Debug|Any CPU
		{6F33C9E2-74F1-4F53-9EE1-3C89260119EE}.Release|Any CPU.ActiveCfg = Release|Any CPU
		{6F33C9E2-74F1-4F53-9EE1-3C89260119EE}.Release|Any CPU.Build.0 = Release|Any CPU
	EndGlobalSection
	GlobalSection(SolutionProperties) = preSolution
		HideSolutionNode = FALSE
	EndGlobalSection
EndGlobal
