
Microsoft Visual Studio Solution File, Format Version 12.00
# Visual Studio 11
Project("{FAE04EC0-301F-11D3-BF4B-00C04F79EFBC}") = "Page314", "Page314\Page314.csproj", "{4585105C-5545-4141-AF07-0DA8E209B66B}"
EndProject
Global
	GlobalSection(SolutionConfigurationPlatforms) = preSolution
		Debug|Any CPU = Debug|Any CPU
		Release|Any CPU = Release|Any CPU
	EndGlobalSection
	GlobalSection(ProjectConfigurationPlatforms) = postSolution
		{4585105C-5545-4141-AF07-0DA8E209B66B}.Debug|Any CPU.ActiveCfg = Debug|Any CPU
		{4585105C-5545-4141-AF07-0DA8E209B66B}.Debug|Any CPU.Build.0 = Debug|Any CPU
		{4585105C-5545-4141-AF07-0DA8E209B66B}.Release|Any CPU.ActiveCfg = Release|Any CPU
		{4585105C-5545-4141-AF07-0DA8E209B66B}.Release|Any CPU.Build.0 = Release|Any CPU
	EndGlobalSection
	GlobalSection(SolutionProperties) = preSolution
		HideSolutionNode = FALSE
	EndGlobalSection
EndGlobal
