
Microsoft Visual Studio Solution File, Format Version 12.00
# Visual Studio 11
Project("{FAE04EC0-301F-11D3-BF4B-00C04F79EFBC}") = "Page537", "Page537\Page537.csproj", "{F8A6AC7F-EE90-4493-B76C-39DDD00004B3}"
EndProject
Global
	GlobalSection(SolutionConfigurationPlatforms) = preSolution
		Debug|Any CPU = Debug|Any CPU
		Release|Any CPU = Release|Any CPU
	EndGlobalSection
	GlobalSection(ProjectConfigurationPlatforms) = postSolution
		{F8A6AC7F-EE90-4493-B76C-39DDD00004B3}.Debug|Any CPU.ActiveCfg = Debug|Any CPU
		{F8A6AC7F-EE90-4493-B76C-39DDD00004B3}.Debug|Any CPU.Build.0 = Debug|Any CPU
		{F8A6AC7F-EE90-4493-B76C-39DDD00004B3}.Release|Any CPU.ActiveCfg = Release|Any CPU
		{F8A6AC7F-EE90-4493-B76C-39DDD00004B3}.Release|Any CPU.Build.0 = Release|Any CPU
	EndGlobalSection
	GlobalSection(SolutionProperties) = preSolution
		HideSolutionNode = FALSE
	EndGlobalSection
EndGlobal
