
Microsoft Visual Studio Solution File, Format Version 12.00
# Visual Studio 11
Project("{FAE04EC0-301F-11D3-BF4B-00C04F79EFBC}") = "Page516", "Page516\Page516.csproj", "{D004D306-1DAD-442C-A7DF-0D6FBF6E24EA}"
EndProject
Global
	GlobalSection(SolutionConfigurationPlatforms) = preSolution
		Debug|Any CPU = Debug|Any CPU
		Release|Any CPU = Release|Any CPU
	EndGlobalSection
	GlobalSection(ProjectConfigurationPlatforms) = postSolution
		{D004D306-1DAD-442C-A7DF-0D6FBF6E24EA}.Debug|Any CPU.ActiveCfg = Debug|Any CPU
		{D004D306-1DAD-442C-A7DF-0D6FBF6E24EA}.Debug|Any CPU.Build.0 = Debug|Any CPU
		{D004D306-1DAD-442C-A7DF-0D6FBF6E24EA}.Release|Any CPU.ActiveCfg = Release|Any CPU
		{D004D306-1DAD-442C-A7DF-0D6FBF6E24EA}.Release|Any CPU.Build.0 = Release|Any CPU
	EndGlobalSection
	GlobalSection(SolutionProperties) = preSolution
		HideSolutionNode = FALSE
	EndGlobalSection
EndGlobal
