
Microsoft Visual Studio Solution File, Format Version 12.00
# Visual Studio 11
Project("{FAE04EC0-301F-11D3-BF4B-00C04F79EFBC}") = "Page270", "Page270\Page270.csproj", "{E3285F7E-9476-4FC5-AE20-F262959983A0}"
EndProject
Global
	GlobalSection(SolutionConfigurationPlatforms) = preSolution
		Debug|Any CPU = Debug|Any CPU
		Release|Any CPU = Release|Any CPU
	EndGlobalSection
	GlobalSection(ProjectConfigurationPlatforms) = postSolution
		{E3285F7E-9476-4FC5-AE20-F262959983A0}.Debug|Any CPU.ActiveCfg = Debug|Any CPU
		{E3285F7E-9476-4FC5-AE20-F262959983A0}.Debug|Any CPU.Build.0 = Debug|Any CPU
		{E3285F7E-9476-4FC5-AE20-F262959983A0}.Release|Any CPU.ActiveCfg = Release|Any CPU
		{E3285F7E-9476-4FC5-AE20-F262959983A0}.Release|Any CPU.Build.0 = Release|Any CPU
	EndGlobalSection
	GlobalSection(SolutionProperties) = preSolution
		HideSolutionNode = FALSE
	EndGlobalSection
EndGlobal
