
Microsoft Visual Studio Solution File, Format Version 12.00
# Visual Studio 11
Project("{FAE04EC0-301F-11D3-BF4B-00C04F79EFBC}") = "Page258", "Page258\Page258.csproj", "{2080B98C-2132-4CF0-A5CC-64D97BA7BCB6}"
EndProject
Global
	GlobalSection(SolutionConfigurationPlatforms) = preSolution
		Debug|Any CPU = Debug|Any CPU
		Release|Any CPU = Release|Any CPU
	EndGlobalSection
	GlobalSection(ProjectConfigurationPlatforms) = postSolution
		{2080B98C-2132-4CF0-A5CC-64D97BA7BCB6}.Debug|Any CPU.ActiveCfg = Debug|Any CPU
		{2080B98C-2132-4CF0-A5CC-64D97BA7BCB6}.Debug|Any CPU.Build.0 = Debug|Any CPU
		{2080B98C-2132-4CF0-A5CC-64D97BA7BCB6}.Release|Any CPU.ActiveCfg = Release|Any CPU
		{2080B98C-2132-4CF0-A5CC-64D97BA7BCB6}.Release|Any CPU.Build.0 = Release|Any CPU
	EndGlobalSection
	GlobalSection(SolutionProperties) = preSolution
		HideSolutionNode = FALSE
	EndGlobalSection
EndGlobal
