
Microsoft Visual Studio Solution File, Format Version 12.00
# Visual Studio 11
Project("{FAE04EC0-301F-11D3-BF4B-00C04F79EFBC}") = "Page443", "Page443\Page443.csproj", "{752FE1ED-2BD1-4432-823C-807AAB4240DF}"
EndProject
Global
	GlobalSection(SolutionConfigurationPlatforms) = preSolution
		Debug|Any CPU = Debug|Any CPU
		Release|Any CPU = Release|Any CPU
	EndGlobalSection
	GlobalSection(ProjectConfigurationPlatforms) = postSolution
		{752FE1ED-2BD1-4432-823C-807AAB4240DF}.Debug|Any CPU.ActiveCfg = Debug|Any CPU
		{752FE1ED-2BD1-4432-823C-807AAB4240DF}.Debug|Any CPU.Build.0 = Debug|Any CPU
		{752FE1ED-2BD1-4432-823C-807AAB4240DF}.Release|Any CPU.ActiveCfg = Release|Any CPU
		{752FE1ED-2BD1-4432-823C-807AAB4240DF}.Release|Any CPU.Build.0 = Release|Any CPU
	EndGlobalSection
	GlobalSection(SolutionProperties) = preSolution
		HideSolutionNode = FALSE
	EndGlobalSection
EndGlobal
