
Microsoft Visual Studio Solution File, Format Version 12.00
# Visual Studio 11
Project("{FAE04EC0-301F-11D3-BF4B-00C04F79EFBC}") = "Page120", "Page120\Page120.csproj", "{1A225190-57AA-4B12-962F-54C7BB441996}"
EndProject
Global
	GlobalSection(SolutionConfigurationPlatforms) = preSolution
		Debug|Any CPU = Debug|Any CPU
		Release|Any CPU = Release|Any CPU
	EndGlobalSection
	GlobalSection(ProjectConfigurationPlatforms) = postSolution
		{1A225190-57AA-4B12-962F-54C7BB441996}.Debug|Any CPU.ActiveCfg = Debug|Any CPU
		{1A225190-57AA-4B12-962F-54C7BB441996}.Debug|Any CPU.Build.0 = Debug|Any CPU
		{1A225190-57AA-4B12-962F-54C7BB441996}.Release|Any CPU.ActiveCfg = Release|Any CPU
		{1A225190-57AA-4B12-962F-54C7BB441996}.Release|Any CPU.Build.0 = Release|Any CPU
	EndGlobalSection
	GlobalSection(SolutionProperties) = preSolution
		HideSolutionNode = FALSE
	EndGlobalSection
EndGlobal
