
Microsoft Visual Studio Solution File, Format Version 12.00
# Visual Studio 11
Project("{FAE04EC0-301F-11D3-BF4B-00C04F79EFBC}") = "Page384", "Page384\Page384.csproj", "{E9FE0C08-BFFE-49A9-8A26-560BD454172F}"
EndProject
Global
	GlobalSection(SolutionConfigurationPlatforms) = preSolution
		Debug|Any CPU = Debug|Any CPU
		Release|Any CPU = Release|Any CPU
	EndGlobalSection
	GlobalSection(ProjectConfigurationPlatforms) = postSolution
		{E9FE0C08-BFFE-49A9-8A26-560BD454172F}.Debug|Any CPU.ActiveCfg = Debug|Any CPU
		{E9FE0C08-BFFE-49A9-8A26-560BD454172F}.Debug|Any CPU.Build.0 = Debug|Any CPU
		{E9FE0C08-BFFE-49A9-8A26-560BD454172F}.Release|Any CPU.ActiveCfg = Release|Any CPU
		{E9FE0C08-BFFE-49A9-8A26-560BD454172F}.Release|Any CPU.Build.0 = Release|Any CPU
	EndGlobalSection
	GlobalSection(SolutionProperties) = preSolution
		HideSolutionNode = FALSE
	EndGlobalSection
EndGlobal
