
Microsoft Visual Studio Solution File, Format Version 12.00
# Visual Studio 11
Project("{FAE04EC0-301F-11D3-BF4B-00C04F79EFBC}") = "Page194", "Page194\Page194.csproj", "{DA91F315-35DE-48B6-A54E-D28D74055DF0}"
EndProject
Global
	GlobalSection(SolutionConfigurationPlatforms) = preSolution
		Debug|Any CPU = Debug|Any CPU
		Release|Any CPU = Release|Any CPU
	EndGlobalSection
	GlobalSection(ProjectConfigurationPlatforms) = postSolution
		{DA91F315-35DE-48B6-A54E-D28D74055DF0}.Debug|Any CPU.ActiveCfg = Debug|Any CPU
		{DA91F315-35DE-48B6-A54E-D28D74055DF0}.Debug|Any CPU.Build.0 = Debug|Any CPU
		{DA91F315-35DE-48B6-A54E-D28D74055DF0}.Release|Any CPU.ActiveCfg = Release|Any CPU
		{DA91F315-35DE-48B6-A54E-D28D74055DF0}.Release|Any CPU.Build.0 = Release|Any CPU
	EndGlobalSection
	GlobalSection(SolutionProperties) = preSolution
		HideSolutionNode = FALSE
	EndGlobalSection
EndGlobal
