
Microsoft Visual Studio Solution File, Format Version 12.00
# Visual Studio 11
Project("{FAE04EC0-301F-11D3-BF4B-00C04F79EFBC}") = "Page082", "Page082\Page082.csproj", "{78D52727-1A11-4F22-BD6D-F4C73E080369}"
EndProject
Global
	GlobalSection(SolutionConfigurationPlatforms) = preSolution
		Debug|Any CPU = Debug|Any CPU
		Release|Any CPU = Release|Any CPU
	EndGlobalSection
	GlobalSection(ProjectConfigurationPlatforms) = postSolution
		{78D52727-1A11-4F22-BD6D-F4C73E080369}.Debug|Any CPU.ActiveCfg = Debug|Any CPU
		{78D52727-1A11-4F22-BD6D-F4C73E080369}.Debug|Any CPU.Build.0 = Debug|Any CPU
		{78D52727-1A11-4F22-BD6D-F4C73E080369}.Release|Any CPU.ActiveCfg = Release|Any CPU
		{78D52727-1A11-4F22-BD6D-F4C73E080369}.Release|Any CPU.Build.0 = Release|Any CPU
	EndGlobalSection
	GlobalSection(SolutionProperties) = preSolution
		HideSolutionNode = FALSE
	EndGlobalSection
EndGlobal
