
Microsoft Visual Studio Solution File, Format Version 12.00
# Visual Studio 11
Project("{FAE04EC0-301F-11D3-BF4B-00C04F79EFBC}") = "Page638", "Page638\Page638.csproj", "{F2C869D6-F478-4E79-BE82-48726056824D}"
EndProject
Global
	GlobalSection(SolutionConfigurationPlatforms) = preSolution
		Debug|Any CPU = Debug|Any CPU
		Release|Any CPU = Release|Any CPU
	EndGlobalSection
	GlobalSection(ProjectConfigurationPlatforms) = postSolution
		{F2C869D6-F478-4E79-BE82-48726056824D}.Debug|Any CPU.ActiveCfg = Debug|Any CPU
		{F2C869D6-F478-4E79-BE82-48726056824D}.Debug|Any CPU.Build.0 = Debug|Any CPU
		{F2C869D6-F478-4E79-BE82-48726056824D}.Release|Any CPU.ActiveCfg = Release|Any CPU
		{F2C869D6-F478-4E79-BE82-48726056824D}.Release|Any CPU.Build.0 = Release|Any CPU
	EndGlobalSection
	GlobalSection(SolutionProperties) = preSolution
		HideSolutionNode = FALSE
	EndGlobalSection
EndGlobal
