
Microsoft Visual Studio Solution File, Format Version 12.00
# Visual Studio 11
Project("{FAE04EC0-301F-11D3-BF4B-00C04F79EFBC}") = "Page091", "Page091\Page091.csproj", "{16119B3D-6E33-4252-907C-21BEE8F83F54}"
EndProject
Global
	GlobalSection(SolutionConfigurationPlatforms) = preSolution
		Debug|Any CPU = Debug|Any CPU
		Release|Any CPU = Release|Any CPU
	EndGlobalSection
	GlobalSection(ProjectConfigurationPlatforms) = postSolution
		{16119B3D-6E33-4252-907C-21BEE8F83F54}.Debug|Any CPU.ActiveCfg = Debug|Any CPU
		{16119B3D-6E33-4252-907C-21BEE8F83F54}.Debug|Any CPU.Build.0 = Debug|Any CPU
		{16119B3D-6E33-4252-907C-21BEE8F83F54}.Release|Any CPU.ActiveCfg = Release|Any CPU
		{16119B3D-6E33-4252-907C-21BEE8F83F54}.Release|Any CPU.Build.0 = Release|Any CPU
	EndGlobalSection
	GlobalSection(SolutionProperties) = preSolution
		HideSolutionNode = FALSE
	EndGlobalSection
EndGlobal
