
Microsoft Visual Studio Solution File, Format Version 12.00
# Visual Studio 11
Project("{FAE04EC0-301F-11D3-BF4B-00C04F79EFBC}") = "Page089", "Page089\Page089.csproj", "{3486F348-CFD3-4B3F-9E0B-607B0D62D962}"
EndProject
Global
	GlobalSection(SolutionConfigurationPlatforms) = preSolution
		Debug|Any CPU = Debug|Any CPU
		Release|Any CPU = Release|Any CPU
	EndGlobalSection
	GlobalSection(ProjectConfigurationPlatforms) = postSolution
		{3486F348-CFD3-4B3F-9E0B-607B0D62D962}.Debug|Any CPU.ActiveCfg = Debug|Any CPU
		{3486F348-CFD3-4B3F-9E0B-607B0D62D962}.Debug|Any CPU.Build.0 = Debug|Any CPU
		{3486F348-CFD3-4B3F-9E0B-607B0D62D962}.Release|Any CPU.ActiveCfg = Release|Any CPU
		{3486F348-CFD3-4B3F-9E0B-607B0D62D962}.Release|Any CPU.Build.0 = Release|Any CPU
	EndGlobalSection
	GlobalSection(SolutionProperties) = preSolution
		HideSolutionNode = FALSE
	EndGlobalSection
EndGlobal
