
Microsoft Visual Studio Solution File, Format Version 12.00
# Visual Studio 11
Project("{FAE04EC0-301F-11D3-BF4B-00C04F79EFBC}") = "Page499", "Page499\Page499.csproj", "{3A367D7F-2A87-4030-B187-2F92A9DE7F44}"
EndProject
Global
	GlobalSection(SolutionConfigurationPlatforms) = preSolution
		Debug|Any CPU = Debug|Any CPU
		Release|Any CPU = Release|Any CPU
	EndGlobalSection
	GlobalSection(ProjectConfigurationPlatforms) = postSolution
		{3A367D7F-2A87-4030-B187-2F92A9DE7F44}.Debug|Any CPU.ActiveCfg = Debug|Any CPU
		{3A367D7F-2A87-4030-B187-2F92A9DE7F44}.Debug|Any CPU.Build.0 = Debug|Any CPU
		{3A367D7F-2A87-4030-B187-2F92A9DE7F44}.Release|Any CPU.ActiveCfg = Release|Any CPU
		{3A367D7F-2A87-4030-B187-2F92A9DE7F44}.Release|Any CPU.Build.0 = Release|Any CPU
	EndGlobalSection
	GlobalSection(SolutionProperties) = preSolution
		HideSolutionNode = FALSE
	EndGlobalSection
EndGlobal
