
Microsoft Visual Studio Solution File, Format Version 12.00
# Visual Studio 11
Project("{FAE04EC0-301F-11D3-BF4B-00C04F79EFBC}") = "Page487", "Page487\Page487.csproj", "{1AED4600-A184-4776-A8B7-019FCAFBE1FD}"
EndProject
Global
	GlobalSection(SolutionConfigurationPlatforms) = preSolution
		Debug|Any CPU = Debug|Any CPU
		Release|Any CPU = Release|Any CPU
	EndGlobalSection
	GlobalSection(ProjectConfigurationPlatforms) = postSolution
		{1AED4600-A184-4776-A8B7-019FCAFBE1FD}.Debug|Any CPU.ActiveCfg = Debug|Any CPU
		{1AED4600-A184-4776-A8B7-019FCAFBE1FD}.Debug|Any CPU.Build.0 = Debug|Any CPU
		{1AED4600-A184-4776-A8B7-019FCAFBE1FD}.Release|Any CPU.ActiveCfg = Release|Any CPU
		{1AED4600-A184-4776-A8B7-019FCAFBE1FD}.Release|Any CPU.Build.0 = Release|Any CPU
	EndGlobalSection
	GlobalSection(SolutionProperties) = preSolution
		HideSolutionNode = FALSE
	EndGlobalSection
EndGlobal
