
Microsoft Visual Studio Solution File, Format Version 12.00
# Visual Studio 11
Project("{FAE04EC0-301F-11D3-BF4B-00C04F79EFBC}") = "Page411", "Page411\Page411.csproj", "{4528A1D3-F165-4C49-A880-CB1855DEE591}"
EndProject
Global
	GlobalSection(SolutionConfigurationPlatforms) = preSolution
		Debug|Any CPU = Debug|Any CPU
		Release|Any CPU = Release|Any CPU
	EndGlobalSection
	GlobalSection(ProjectConfigurationPlatforms) = postSolution
		{4528A1D3-F165-4C49-A880-CB1855DEE591}.Debug|Any CPU.ActiveCfg = Debug|Any CPU
		{4528A1D3-F165-4C49-A880-CB1855DEE591}.Debug|Any CPU.Build.0 = Debug|Any CPU
		{4528A1D3-F165-4C49-A880-CB1855DEE591}.Release|Any CPU.ActiveCfg = Release|Any CPU
		{4528A1D3-F165-4C49-A880-CB1855DEE591}.Release|Any CPU.Build.0 = Release|Any CPU
	EndGlobalSection
	GlobalSection(SolutionProperties) = preSolution
		HideSolutionNode = FALSE
	EndGlobalSection
EndGlobal
